// !$*UTF8*$!
{
	archiveVersion = 1;
	classes = {
	};
	objectVersion = 56;
	objects = {

/* Begin PBXBuildFile section */
		CE897B9C2FBC1330005BF2A6 /* AppDelegate.swift in Sources */ = {isa = PBXBuildFile; fileRef = CE897B9B2FBC1330005BF2A6 /* AppDelegate.swift */; };
		CE897B9E2FBC1330005BF2A6 /* SceneDelegate.swift in Sources */ = {isa = PBXBuildFile; fileRef = CE897B9D2FBC1330005BF2A6 /* SceneDelegate.swift */; };
		CE897BA02FBC1330005BF2A6 /* ViewController.swift in Sources */ = {isa = PBXBuildFile; fileRef = CE897B9F2FBC1330005BF2A6 /* ViewController.swift */; };
		CE897BA32FBC1331005BF2A6 /* Main.storyboard in Resources */ = {isa = PBXBuildFile; fileRef = CE897BA12FBC1331005BF2A6 /* Main.storyboard */; };
		CE897BA52FBC1340005BF2A6 /* Assets.xcassets in Resources */ = {isa = PBXBuildFile; fileRef = CE897BA42FBC1340005BF2A6 /* Assets.xcassets */; };
		CE897BA82FBC1340005BF2A6 /* LaunchScreen.storyboard in Resources */ = {isa = PBXBuildFile; fileRef = CE897BA62FBC1340005BF2A6 /* LaunchScreen.storyboard */; };
		CE897BB32FBC1342005BF2A6 /* quanlysachTests.swift in Sources */ = {isa = PBXBuildFile; fileRef = CE897BB22FBC1342005BF2A6 /* quanlysachTests.swift */; };
		CE897BBD2FBC1343005BF2A6 /* quanlysachUITests.swift in Sources */ = {isa = PBXBuildFile; fileRef = CE897BBC2FBC1343005BF2A6 /* quanlysachUITests.swift */; };
		CE897BBF2FBC1343005BF2A6 /* quanlysachUITestsLaunchTests.swift in Sources */ = {isa = PBXBuildFile; fileRef = CE897BBE2FBC1343005BF2A6 /* quanlysachUITestsLaunchTests.swift */; };
		CE897BCE2FBC1A37005BF2A6 /* GoogleService-Info.plist in Resources */ = {isa = PBXBuildFile; fileRef = CE897BCD2FBC1A34005BF2A6 /* GoogleService-Info.plist */; };
		CE897BD22FBC1D6F005BF2A6 /* FirebaseAnalytics in Frameworks */ = {isa = PBXBuildFile; productRef = CE897BD12FBC1D6F005BF2A6 /* FirebaseAnalytics */; };
		CE897BD42FBC1D6F005BF2A6 /* FirebaseAuth in Frameworks */ = {isa = PBXBuildFile; productRef = CE897BD32FBC1D6F005BF2A6 /* FirebaseAuth */; };
		CE897BD62FBC1D6F005BF2A6 /* FirebaseDatabase in Frameworks */ = {isa = PBXBuildFile; productRef = CE897BD52FBC1D6F005BF2A6 /* FirebaseDatabase */; };
		CE897BD82FBC1D6F005BF2A6 /* FirebaseFirestore in Frameworks */ = {isa = PBXBuildFile; productRef = CE897BD72FBC1D6F005BF2A6 /* FirebaseFirestore */; };
		CE897BDA2FBC1D6F005BF2A6 /* FirebaseFunctions in Frameworks */ = {isa = PBXBuildFile; productRef = CE897BD92FBC1D6F005BF2A6 /* FirebaseFunctions */; };
		CE897BDC2FBC1D70005BF2A6 /* FirebaseStorage in Frameworks */ = {isa = PBXBuildFile; productRef = CE897BDB2FBC1D70005BF2A6 /* FirebaseStorage */; };
/* End PBXBuildFile section */

/* Begin PBXContainerItemProxy section */
		CE897BAF2FBC1342005BF2A6 /* PBXContainerItemProxy */ = {
			isa = PBXContainerItemProxy;
			containerPortal = CE897B902FBC132F005BF2A6 /* Project object */;
			proxyType = 1;
			remoteGlobalIDString = CE897B972FBC1330005BF2A6;
			remoteInfo = quanlysach;
		};
		CE897BB92FBC1343005BF2A6 /* PBXContainerItemProxy */ = {
			isa = PBXContainerItemProxy;
			containerPortal = CE897B902FBC132F005BF2A6 /* Project object */;
			proxyType = 1;
			remoteGlobalIDString = CE897B972FBC1330005BF2A6;
			remoteInfo = quanlysach;
		};
/* End PBXContainerItemProxy section */

/* Begin PBXFileReference section */
		CE897B982FBC1330005BF2A6 /* quanlysach.app */ = {isa = PBXFileReference; explicitFileType = wrapper.application; includeInIndex = 0; path = quanlysach.app; sourceTree = BUILT_PRODUCTS_DIR; };
		CE897B9B2FBC1330005BF2A6 /* AppDelegate.swift */ = {isa = PBXFileReference; lastKnownFileType = sourcecode.swift; path = AppDelegate.swift; sourceTree = "<group>"; };
		CE897B9D2FBC1330005BF2A6 /* SceneDelegate.swift */ = {isa = PBXFileReference; lastKnownFileType = sourcecode.swift; path = SceneDelegate.swift; sourceTree = "<group>"; };
		CE897B9F2FBC1330005BF2A6 /* ViewController.swift */ = {isa = PBXFileReference; lastKnownFileType = sourcecode.swift; path = ViewController.swift; sourceTree = "<group>"; };
		CE897BA22FBC1331005BF2A6 /* Base */ = {isa = PBXFileReference; lastKnownFileType = file.storyboard; name = Base; path = Base.lproj/Main.storyboard; sourceTree = "<group>"; };
		CE897BA42FBC1340005BF2A6 /* Assets.xcassets */ = {isa = PBXFileReference; lastKnownFileType = folder.assetcatalog; path = Assets.xcassets; sourceTree = "<group>"; };
		CE897BA72FBC1340005BF2A6 /* Base */ = {isa = PBXFileReference; lastKnownFileType = file.storyboard; name = Base; path = Base.lproj/LaunchScreen.storyboard; sourceTree = "<group>"; };
		CE897BA92FBC1340005BF2A6 /* Info.plist */ = {isa = PBXFileReference; lastKnownFileType = text.plist.xml; path = Info.plist; sourceTree = "<group>"; };
		CE897BAE2FBC1342005BF2A6 /* quanlysachTests.xctest */ = {isa = PBXFileReference; explicitFileType = wrapper.cfbundle; includeInIndex = 0; path = quanlysachTests.xctest; sourceTree = BUILT_PRODUCTS_DIR; };
		CE897BB22FBC1342005BF2A6 /* quanlysachTests.swift */ = {isa = PBXFileReference; lastKnownFileType = sourcecode.swift; path = quanlysachTests.swift; sourceTree = "<group>"; };
		CE897BB82FBC1343005BF2A6 /* quanlysachUITests.xctest */ = {isa = PBXFileReference; explicitFileType = wrapper.cfbundle; includeInIndex = 0; path = quanlysachUITests.xctest; sourceTree = BUILT_PRODUCTS_DIR; };
		CE897BBC2FBC1343005BF2A6 /* quanlysachUITests.swift */ = {isa = PBXFileReference; lastKnownFileType = sourcecode.swift; path = quanlysachUITests.swift; sourceTree = "<group>"; };
		CE897BBE2FBC1343005BF2A6 /* quanlysachUITestsLaunchTests.swift */ = {isa = PBXFileReference; lastKnownFileType = sourcecode.swift; path = quanlysachUITestsLaunchTests.swift; sourceTree = "<group>"; };
		CE897BCD2FBC1A34005BF2A6 /* GoogleService-Info.plist */ = {isa = PBXFileReference; fileEncoding = 4; lastKnownFileType = text.plist.xml; path = "GoogleService-Info.plist"; sourceTree = "<group>"; };
/* End PBXFileReference section */

/* Begin PBXFrameworksBuildPhase section */
		CE897B952FBC1330005BF2A6 /* Frameworks */ = {
			isa = PBXFrameworksBuildPhase;
			buildActionMask = 2147483647;
			files = (
				CE897BD62FBC1D6F005BF2A6 /* FirebaseDatabase in Frameworks */,
				CE897BD82FBC1D6F005BF2A6 /* FirebaseFirestore in Frameworks */,
				CE897BDA2FBC1D6F005BF2A6 /* FirebaseFunctions in Frameworks */,
				CE897BD22FBC1D6F005BF2A6 /* FirebaseAnalytics in Frameworks */,
				CE897BD42FBC1D6F005BF2A6 /* FirebaseAuth in Frameworks */,
				CE897BDC2FBC1D70005BF2A6 /* FirebaseStorage in Frameworks */,
			);
			runOnlyForDeploymentPostprocessing = 0;
		};
		CE897BAB2FBC1342005BF2A6 /* Frameworks */ = {
			isa = PBXFrameworksBuildPhase;
			buildActionMask = 2147483647;
			files = (
			);
			runOnlyForDeploymentPostprocessing = 0;
		};
		CE897BB52FBC1343005BF2A6 /* Frameworks */ = {
			isa = PBXFrameworksBuildPhase;
			buildActionMask = 2147483647;
			files = (
			);
			runOnlyForDeploymentPostprocessing = 0;
		};
/* End PBXFrameworksBuildPhase section */

/* Begin PBXGroup section */
		CE2E23542FC0A77E001237F8 /* Models */ = {
			isa = PBXGroup;
			children = (
			);
			name = Models;
			sourceTree = "<group>";
		};
		CE2E23552FC0A788001237F8 /* Views */ = {
			isa = PBXGroup;
			children = (
				CE897B9F2FBC1330005BF2A6 /* ViewController.swift */,
			);
			name = Views;
			sourceTree = "<group>";
		};
		CE2E23562FC0A78E001237F8 /* Controllers */ = {
			isa = PBXGroup;
			children = (
			);
			name = Controllers;
			sourceTree = "<group>";
		};
		CE2E23582FC0A809001237F8 /* Resources */ = {
			isa = PBXGroup;
			children = (
				CE897BA12FBC1331005BF2A6 /* Main.storyboard */,
				CE897BA42FBC1340005BF2A6 /* Assets.xcassets */,
				CE897BA62FBC1340005BF2A6 /* LaunchScreen.storyboard */,
			);
			name = Resources;
			sourceTree = "<group>";
		};
		CE897B8F2FBC132F005BF2A6 = {
			isa = PBXGroup;
			children = (
				CE897BCD2FBC1A34005BF2A6 /* GoogleService-Info.plist */,
				CE897B9A2FBC1330005BF2A6 /* quanlysach */,
				CE897BB12FBC1342005BF2A6 /* quanlysachTests */,
				CE897BBB2FBC1343005BF2A6 /* quanlysachUITests */,
				CE897B992FBC1330005BF2A6 /* Products */,
			);
			sourceTree = "<group>";
		};
		CE897B992FBC1330005BF2A6 /* Products */ = {
			isa = PBXGroup;
			children = (
				CE897B982FBC1330005BF2A6 /* quanlysach.app */,
				CE897BAE2FBC1342005BF2A6 /* quanlysachTests.xctest */,
				CE897BB82FBC1343005BF2A6 /* quanlysachUITests.xctest */,
			);
			name = Products;
			sourceTree = "<group>";
		};
		CE897B9A2FBC1330005BF2A6 /* quanlysach */ = {
			isa = PBXGroup;
			children = (
				CE2E23582FC0A809001237F8 /* Resources */,
				CE2E23562FC0A78E001237F8 /* Controllers */,
				CE2E23552FC0A788001237F8 /* Views */,
				CE2E23542FC0A77E001237F8 /* Models */,
				CE897B9B2FBC1330005BF2A6 /* AppDelegate.swift */,
				CE897B9D2FBC1330005BF2A6 /* SceneDelegate.swift */,
				CE897BA92FBC1340005BF2A6 /* Info.plist */,
			);
			path = quanlysach;
			sourceTree = "<group>";
		};
		CE897BB12FBC1342005BF2A6 /* quanlysachTests */ = {
			isa = PBXGroup;
			children = (
				CE897BB22FBC1342005BF2A6 /* quanlysachTests.swift */,
			);
			path = quanlysachTests;
			sourceTree = "<group>";
		};
		CE897BBB2FBC1343005BF2A6 /* quanlysachUITests */ = {
			isa = PBXGroup;
			children = (
				CE897BBC2FBC1343005BF2A6 /* quanlysachUITests.swift */,
				CE897BBE2FBC1343005BF2A6 /* quanlysachUITestsLaunchTests.swift */,
			);
			path = quanlysachUITests;
			sourceTree = "<group>";
		};
/* End PBXGroup section */

/* Begin PBXNativeTarget section */
		CE897B972FBC1330005BF2A6 /* quanlysach */ = {
			isa = PBXNativeTarget;
			buildConfigurationList = CE897BC22FBC1343005BF2A6 /* Build configuration list for PBXNativeTarget "quanlysach" */;
			buildPhases = (
				CE897B942FBC1330005BF2A6 /* Sources */,
				CE897B952FBC1330005BF2A6 /* Frameworks */,
				CE897B962FBC1330005BF2A6 /* Resources */,
			);
			buildRules = (
			);
			dependencies = (
			);
			name = quanlysach;
			packageProductDependencies = (
				CE897BD12FBC1D6F005BF2A6 /* FirebaseAnalytics */,
				CE897BD32FBC1D6F005BF2A6 /* FirebaseAuth */,
				CE897BD52FBC1D6F005BF2A6 /* FirebaseDatabase */,
				CE897BD72FBC1D6F005BF2A6 /* FirebaseFirestore */,
				CE897BD92FBC1D6F005BF2A6 /* FirebaseFunctions */,
				CE897BDB2FBC1D70005BF2A6 /* FirebaseStorage */,
			);
			productName = quanlysach;
			productReference = CE897B982FBC1330005BF2A6 /* quanlysach.app */;
			productType = "com.apple.product-type.application";
		};
		CE897BAD2FBC1342005BF2A6 /* quanlysachTests */ = {
			isa = PBXNativeTarget;
			buildConfigurationList = CE897BC52FBC1343005BF2A6 /* Build configuration list for PBXNativeTarget "quanlysachTests" */;
			buildPhases = (
				CE897BAA2FBC1342005BF2A6 /* Sources */,
				CE897BAB2FBC1342005BF2A6 /* Frameworks */,
				CE897BAC2FBC1342005BF2A6 /* Resources */,
			);
			buildRules = (
			);
			dependencies = (
				CE897BB02FBC1342005BF2A6 /* PBXTargetDependency */,
			);
			name = quanlysachTests;
			productName = quanlysachTests;
			productReference = CE897BAE2FBC1342005BF2A6 /* quanlysachTests.xctest */;
			productType = "com.apple.product-type.bundle.unit-test";
		};
		CE897BB72FBC1343005BF2A6 /* quanlysachUITests */ = {
			isa = PBXNativeTarget;
			buildConfigurationList = CE897BC82FBC1343005BF2A6 /* Build configuration list for PBXNativeTarget "quanlysachUITests" */;
			buildPhases = (
				CE897BB42FBC1343005BF2A6 /* Sources */,
				CE897BB52FBC1343005BF2A6 /* Frameworks */,
				CE897BB62FBC1343005BF2A6 /* Resources */,
			);
			buildRules = (
			);
			dependencies = (
				CE897BBA2FBC1343005BF2A6 /* PBXTargetDependency */,
			);
			name = quanlysachUITests;
			productName = quanlysachUITests;
			productReference = CE897BB82FBC1343005BF2A6 /* quanlysachUITests.xctest */;
			productType = "com.apple.product-type.bundle.ui-testing";
		};
/* End PBXNativeTarget section */

/* Begin PBXProject section */
		CE897B902FBC132F005BF2A6 /* Project object */ = {
			isa = PBXProject;
			attributes = {
				BuildIndependentTargetsInParallel = 1;
				LastSwiftUpdateCheck = 1420;
				LastUpgradeCheck = 1420;
				TargetAttributes = {
					CE897B972FBC1330005BF2A6 = {
						CreatedOnToolsVersion = 14.2;
					};
					CE897BAD2FBC1342005BF2A6 = {
						CreatedOnToolsVersion = 14.2;
						TestTargetID = CE897B972FBC1330005BF2A6;
					};
					CE897BB72FBC1343005BF2A6 = {
						CreatedOnToolsVersion = 14.2;
						TestTargetID = CE897B972FBC1330005BF2A6;
					};
				};
			};
			buildConfigurationList = CE897B932FBC132F005BF2A6 /* Build configuration list for PBXProject "quanlysach" */;
			compatibilityVersion = "Xcode 14.0";
			developmentRegion = en;
			hasScannedForEncodings = 0;
			knownRegions = (
				en,
				Base,
			);
			mainGroup = CE897B8F2FBC132F005BF2A6;
			packageReferences = (
				CE897BD02FBC1D6F005BF2A6 /* XCRemoteSwiftPackageReference "firebase-ios-sdk" */,
			);
			productRefGroup = CE897B992FBC1330005BF2A6 /* Products */;
			projectDirPath = "";
			projectRoot = "";
			targets = (
				CE897B972FBC1330005BF2A6 /* quanlysach */,
				CE897BAD2FBC1342005BF2A6 /* quanlysachTests */,
				CE897BB72FBC1343005BF2A6 /* quanlysachUITests */,
			);
		};
/* End PBXProject section */

/* Begin PBXResourcesBuildPhase section */
		CE897B962FBC1330005BF2A6 /* Resources */ = {
			isa = PBXResourcesBuildPhase;
			buildActionMask = 2147483647;
			files = (
				CE897BA82FBC1340005BF2A6 /* LaunchScreen.storyboard in Resources */,
				CE897BCE2FBC1A37005BF2A6 /* GoogleService-Info.plist in Resources */,
				CE897BA52FBC1340005BF2A6 /* Assets.xcassets in Resources */,
				CE897BA32FBC1331005BF2A6 /* Main.storyboard in Resources */,
			);
			runOnlyForDeploymentPostprocessing = 0;
		};
		CE897BAC2FBC1342005BF2A6 /* Resources */ = {
			isa = PBXResourcesBuildPhase;
			buildActionMask = 2147483647;
			files = (
			);
			runOnlyForDeploymentPostprocessing = 0;
		};
		CE897BB62FBC1343005BF2A6 /* Resources */ = {
			isa = PBXResourcesBuildPhase;
			buildActionMask = 2147483647;
			files = (
			);
			runOnlyForDeploymentPostprocessing = 0;
		};
/* End PBXResourcesBuildPhase section */

/* Begin PBXSourcesBuildPhase section */
		CE897B942FBC1330005BF2A6 /* Sources */ = {
			isa = PBXSourcesBuildPhase;
			buildActionMask = 2147483647;
			files = (
				CE897BA02FBC1330005BF2A6 /* ViewController.swift in Sources */,
				CE897B9C2FBC1330005BF2A6 /* AppDelegate.swift in Sources */,
				CE897B9E2FBC1330005BF2A6 /* SceneDelegate.swift in Sources */,
			);
			runOnlyForDeploymentPostprocessing = 0;
		};
		CE897BAA2FBC1342005BF2A6 /* Sources */ = {
			isa = PBXSourcesBuildPhase;
			buildActionMask = 2147483647;
			files = (
				CE897BB32FBC1342005BF2A6 /* quanlysachTests.swift in Sources */,
			);
			runOnlyForDeploymentPostprocessing = 0;
		};
		CE897BB42FBC1343005BF2A6 /* Sources */ = {
			isa = PBXSourcesBuildPhase;
			buildActionMask = 2147483647;
			files = (
				CE897BBD2FBC1343005BF2A6 /* quanlysachUITests.swift in Sources */,
				CE897BBF2FBC1343005BF2A6 /* quanlysachUITestsLaunchTests.swift in Sources */,
			);
			runOnlyForDeploymentPostprocessing = 0;
		};
/* End PBXSourcesBuildPhase section */

/* Begin PBXTargetDependency section */
		CE897BB02FBC1342005BF2A6 /* PBXTargetDependency */ = {
			isa = PBXTargetDependency;
			target = CE897B972FBC1330005BF2A6 /* quanlysach */;
			targetProxy = CE897BAF2FBC1342005BF2A6 /* PBXContainerItemProxy */;
		};
		CE897BBA2FBC1343005BF2A6 /* PBXTargetDependency */ = {
			isa = PBXTargetDependency;
			target = CE897B972FBC1330005BF2A6 /* quanlysach */;
			targetProxy = CE897BB92FBC1343005BF2A6 /* PBXContainerItemProxy */;
		};
/* End PBXTargetDependency section */

/* Begin PBXVariantGroup section */
		CE897BA12FBC1331005BF2A6 /* Main.storyboard */ = {
			isa = PBXVariantGroup;
			children = (
				CE897BA22FBC1331005BF2A6 /* Base */,
			);
			name = Main.storyboard;
			sourceTree = "<group>";
		};
		CE897BA62FBC1340005BF2A6 /* LaunchScreen.storyboard */ = {
			isa = PBXVariantGroup;
			children = (
				CE897BA72FBC1340005BF2A6 /* Base */,
			);
			name = LaunchScreen.storyboard;
			sourceTree = "<group>";
		};
/* End PBXVariantGroup section */

/* Begin XCBuildConfiguration section */
		CE897BC02FBC1343005BF2A6 /* Debug */ = {
			isa = XCBuildConfiguration;
			buildSettings = {
				ALWAYS_SEARCH_USER_PATHS = NO;
				CLANG_ANALYZER_NONNULL = YES;
				CLANG_ANALYZER_NUMBER_OBJECT_CONVERSION = YES_AGGRESSIVE;
				CLANG_CXX_LANGUAGE_STANDARD = "gnu++20";
				CLANG_ENABLE_MODULES = YES;
				CLANG_ENABLE_OBJC_ARC = YES;
				CLANG_ENABLE_OBJC_WEAK = YES;
				CLANG_WARN_BLOCK_CAPTURE_AUTORELEASING = YES;
				CLANG_WARN_BOOL_CONVERSION = YES;
				CLANG_WARN_COMMA = YES;
				CLANG_WARN_CONSTANT_CONVERSION = YES;
				CLANG_WARN_DEPRECATED_OBJC_IMPLEMENTATIONS = YES;
				CLANG_WARN_DIRECT_OBJC_ISA_USAGE = YES_ERROR;
				CLANG_WARN_DOCUMENTATION_COMMENTS = YES;
				CLANG_WARN_EMPTY_BODY = YES;
				CLANG_WARN_ENUM_CONVERSION = YES;
				CLANG_WARN_INFINITE_RECURSION = YES;
				CLANG_WARN_INT_CONVERSION = YES;
				CLANG_WARN_NON_LITERAL_NULL_CONVERSION = YES;
				CLANG_WARN_OBJC_IMPLICIT_RETAIN_SELF = YES;
				CLANG_WARN_OBJC_LITERAL_CONVERSION = YES;
				CLANG_WARN_OBJC_ROOT_CLASS = YES_ERROR;
				CLANG_WARN_QUOTED_INCLUDE_IN_FRAMEWORK_HEADER = YES;
				CLANG_WARN_RANGE_LOOP_ANALYSIS = YES;
				CLANG_WARN_STRICT_PROTOTYPES = YES;
				CLANG_WARN_SUSPICIOUS_MOVE = YES;
				CLANG_WARN_UNGUARDED_AVAILABILITY = YES_AGGRESSIVE;
				CLANG_WARN_UNREACHABLE_CODE = YES;
				CLANG_WARN__DUPLICATE_METHOD_MATCH = YES;
				COPY_PHASE_STRIP = NO;
				DEBUG_INFORMATION_FORMAT = dwarf;
				ENABLE_STRICT_OBJC_MSGSEND = YES;
				ENABLE_TESTABILITY = YES;
				GCC_C_LANGUAGE_STANDARD = gnu11;
				GCC_DYNAMIC_NO_PIC = NO;
				GCC_NO_COMMON_BLOCKS = YES;
				GCC_OPTIMIZATION_LEVEL = 0;
				GCC_PREPROCESSOR_DEFINITIONS = (
					"DEBUG=1",
					"$(inherited)",
				);
				GCC_WARN_64_TO_32_BIT_CONVERSION = YES;
				GCC_WARN_ABOUT_RETURN_TYPE = YES_ERROR;
				GCC_WARN_UNDECLARED_SELECTOR = YES;
				GCC_WARN_UNINITIALIZED_AUTOS = YES_AGGRESSIVE;
				GCC_WARN_UNUSED_FUNCTION = YES;
				GCC_WARN_UNUSED_VARIABLE = YES;
				IPHONEOS_DEPLOYMENT_TARGET = 16.2;
				MTL_ENABLE_DEBUG_INFO = INCLUDE_SOURCE;
				MTL_FAST_MATH = YES;
				ONLY_ACTIVE_ARCH = YES;
				SDKROOT = iphoneos;
				SWIFT_ACTIVE_COMPILATION_CONDITIONS = DEBUG;
				SWIFT_OPTIMIZATION_LEVEL = "-Onone";
			};
			name = Debug;
		};
		CE897BC12FBC1343005BF2A6 /* Release */ = {
			isa = XCBuildConfiguration;
			buildSettings = {
				ALWAYS_SEARCH_USER_PATHS = NO;
				CLANG_ANALYZER_NONNULL = YES;
				CLANG_ANALYZER_NUMBER_OBJECT_CONVERSION = YES_AGGRESSIVE;
				CLANG_CXX_LANGUAGE_STANDARD = "gnu++20";
				CLANG_ENABLE_MODULES = YES;
				CLANG_ENABLE_OBJC_ARC = YES;
				CLANG_ENABLE_OBJC_WEAK = YES;
				CLANG_WARN_BLOCK_CAPTURE_AUTORELEASING = YES;
				CLANG_WARN_BOOL_CONVERSION = YES;
				CLANG_WARN_COMMA = YES;
				CLANG_WARN_CONSTANT_CONVERSION = YES;
				CLANG_WARN_DEPRECATED_OBJC_IMPLEMENTATIONS = YES;
				CLANG_WARN_DIRECT_OBJC_ISA_USAGE = YES_ERROR;
				CLANG_WARN_DOCUMENTATION_COMMENTS = YES;
				CLANG_WARN_EMPTY_BODY = YES;
				CLANG_WARN_ENUM_CONVERSION = YES;
				CLANG_WARN_INFINITE_RECURSION = YES;
				CLANG_WARN_INT_CONVERSION = YES;
				CLANG_WARN_NON_LITERAL_NULL_CONVERSION = YES;
				CLANG_WARN_OBJC_IMPLICIT_RETAIN_SELF = YES;
				CLANG_WARN_OBJC_LITERAL_CONVERSION = YES;
				CLANG_WARN_OBJC_ROOT_CLASS = YES_ERROR;
				CLANG_WARN_QUOTED_INCLUDE_IN_FRAMEWORK_HEADER = YES;
				CLANG_WARN_RANGE_LOOP_ANALYSIS = YES;
				CLANG_WARN_STRICT_PROTOTYPES = YES;
				CLANG_WARN_SUSPICIOUS_MOVE = YES;
				CLANG_WARN_UNGUARDED_AVAILABILITY = YES_AGGRESSIVE;
				CLANG_WARN_UNREACHABLE_CODE = YES;
				CLANG_WARN__DUPLICATE_METHOD_MATCH = YES;
				COPY_PHASE_STRIP = NO;
				DEBUG_INFORMATION_FORMAT = "dwarf-with-dsym";
				ENABLE_NS_ASSERTIONS = NO;
				ENABLE_STRICT_OBJC_MSGSEND = YES;
				GCC_C_LANGUAGE_STANDARD = gnu11;
				GCC_NO_COMMON_BLOCKS = YES;
				GCC_WARN_64_TO_32_BIT_CONVERSION = YES;
				GCC_WARN_ABOUT_RETURN_TYPE = YES_ERROR;
				GCC_WARN_UNDECLARED_SELECTOR = YES;
				GCC_WARN_UNINITIALIZED_AUTOS = YES_AGGRESSIVE;
				GCC_WARN_UNUSED_FUNCTION = YES;
				GCC_WARN_UNUSED_VARIABLE = YES;
				IPHONEOS_DEPLOYMENT_TARGET = 16.2;
				MTL_ENABLE_DEBUG_INFO = NO;
				MTL_FAST_MATH = YES;
				SDKROOT = iphoneos;
				SWIFT_COMPILATION_MODE = wholemodule;
				SWIFT_OPTIMIZATION_LEVEL = "-O";
				VALIDATE_PRODUCT = YES;
			};
			name = Release;
		};
		CE897BC32FBC1343005BF2A6 /* Debug */ = {
			isa = XCBuildConfiguration;
			buildSettings = {
				ASSETCATALOG_COMPILER_APPICON_NAME = AppIcon;
				ASSETCATALOG_COMPILER_GLOBAL_ACCENT_COLOR_NAME = AccentColor;
				CODE_SIGN_STYLE = Automatic;
				CURRENT_PROJECT_VERSION = 1;
				GENERATE_INFOPLIST_FILE = YES;
				INFOPLIST_FILE = quanlysach/Info.plist;
				INFOPLIST_KEY_UIApplicationSupportsIndirectInputEvents = YES;
				INFOPLIST_KEY_UILaunchStoryboardName = LaunchScreen;
				INFOPLIST_KEY_UIMainStoryboardFile = Main;
				INFOPLIST_KEY_UISupportedInterfaceOrientations_iPad = "UIInterfaceOrientationPortrait UIInterfaceOrientationPortraitUpsideDown UIInterfaceOrientationLandscapeLeft UIInterfaceOrientationLandscapeRight";
				INFOPLIST_KEY_UISupportedInterfaceOrientations_iPhone = "UIInterfaceOrientationPortrait UIInterfaceOrientationLandscapeLeft UIInterfaceOrientationLandscapeRight";
				LD_RUNPATH_SEARCH_PATHS = (
					"$(inherited)",
					"@executable_path/Frameworks",
				);
				MARKETING_VERSION = 1.0;
				PRODUCT_BUNDLE_IDENTIFIER = vn.edu.tdc.quanlysach;
				PRODUCT_NAME = "$(TARGET_NAME)";
				SWIFT_EMIT_LOC_STRINGS = YES;
				SWIFT_VERSION = 5.0;
				TARGETED_DEVICE_FAMILY = "1,2";
			};
			name = Debug;
		};
		CE897BC42FBC1343005BF2A6 /* Release */ = {
			isa = XCBuildConfiguration;
			buildSettings = {
				ASSETCATALOG_COMPILER_APPICON_NAME = AppIcon;
				ASSETCATALOG_COMPILER_GLOBAL_ACCENT_COLOR_NAME = AccentColor;
				CODE_SIGN_STYLE = Automatic;
				CURRENT_PROJECT_VERSION = 1;
				GENERATE_INFOPLIST_FILE = YES;
				INFOPLIST_FILE = quanlysach/Info.plist;
				INFOPLIST_KEY_UIApplicationSupportsIndirectInputEvents = YES;
				INFOPLIST_KEY_UILaunchStoryboardName = LaunchScreen;
				INFOPLIST_KEY_UIMainStoryboardFile = Main;
				INFOPLIST_KEY_UISupportedInterfaceOrientations_iPad = "UIInterfaceOrientationPortrait UIInterfaceOrientationPortraitUpsideDown UIInterfaceOrientationLandscapeLeft UIInterfaceOrientationLandscapeRight";
				INFOPLIST_KEY_UISupportedInterfaceOrientations_iPhone = "UIInterfaceOrientationPortrait UIInterfaceOrientationLandscapeLeft UIInterfaceOrientationLandscapeRight";
				LD_RUNPATH_SEARCH_PATHS = (
					"$(inherited)",
					"@executable_path/Frameworks",
				);
				MARKETING_VERSION = 1.0;
				PRODUCT_BUNDLE_IDENTIFIER = vn.edu.tdc.quanlysach;
				PRODUCT_NAME = "$(TARGET_NAME)";
				SWIFT_EMIT_LOC_STRINGS = YES;
				SWIFT_VERSION = 5.0;
				TARGETED_DEVICE_FAMILY = "1,2";
			};
			name = Release;
		};
		CE897BC62FBC1343005BF2A6 /* Debug */ = {
			isa = XCBuildConfiguration;
			buildSettings = {
				ALWAYS_EMBED_SWIFT_STANDARD_LIBRARIES = YES;
				BUNDLE_LOADER = "$(TEST_HOST)";
				CODE_SIGN_STYLE = Automatic;
				CURRENT_PROJECT_VERSION = 1;
				GENERATE_INFOPLIST_FILE = YES;
				IPHONEOS_DEPLOYMENT_TARGET = 16.2;
				MARKETING_VERSION = 1.0;
				PRODUCT_BUNDLE_IDENTIFIER = vn.edu.tdc.quanlysachTests;
				PRODUCT_NAME = "$(TARGET_NAME)";
				SWIFT_EMIT_LOC_STRINGS = NO;
				SWIFT_VERSION = 5.0;
				TARGETED_DEVICE_FAMILY = "1,2";
				TEST_HOST = "$(BUILT_PRODUCTS_DIR)/quanlysach.app/$(BUNDLE_EXECUTABLE_FOLDER_PATH)/quanlysach";
			};
			name = Debug;
		};
		CE897BC72FBC1343005BF2A6 /* Release */ = {
			isa = XCBuildConfiguration;
			buildSettings = {
				ALWAYS_EMBED_SWIFT_STANDARD_LIBRARIES = YES;
				BUNDLE_LOADER = "$(TEST_HOST)";
				CODE_SIGN_STYLE = Automatic;
				CURRENT_PROJECT_VERSION = 1;
				GENERATE_INFOPLIST_FILE = YES;
				IPHONEOS_DEPLOYMENT_TARGET = 16.2;
				MARKETING_VERSION = 1.0;
				PRODUCT_BUNDLE_IDENTIFIER = vn.edu.tdc.quanlysachTests;
				PRODUCT_NAME = "$(TARGET_NAME)";
				SWIFT_EMIT_LOC_STRINGS = NO;
				SWIFT_VERSION = 5.0;
				TARGETED_DEVICE_FAMILY = "1,2";
				TEST_HOST = "$(BUILT_PRODUCTS_DIR)/quanlysach.app/$(BUNDLE_EXECUTABLE_FOLDER_PATH)/quanlysach";
			};
			name = Release;
		};
		CE897BC92FBC1343005BF2A6 /* Debug */ = {
			isa = XCBuildConfiguration;
			buildSettings = {
				ALWAYS_EMBED_SWIFT_STANDARD_LIBRARIES = YES;
				CODE_SIGN_STYLE = Automatic;
				CURRENT_PROJECT_VERSION = 1;
				GENERATE_INFOPLIST_FILE = YES;
				MARKETING_VERSION = 1.0;
				PRODUCT_BUNDLE_IDENTIFIER = vn.edu.tdc.quanlysachUITests;
				PRODUCT_NAME = "$(TARGET_NAME)";
				SWIFT_EMIT_LOC_STRINGS = NO;
				SWIFT_VERSION = 5.0;
				TARGETED_DEVICE_FAMILY = "1,2";
				TEST_TARGET_NAME = quanlysach;
			};
			name = Debug;
		};
		CE897BCA2FBC1343005BF2A6 /* Release */ = {
			isa = XCBuildConfiguration;
			buildSettings = {
				ALWAYS_EMBED_SWIFT_STANDARD_LIBRARIES = YES;
				CODE_SIGN_STYLE = Automatic;
				CURRENT_PROJECT_VERSION = 1;
				GENERATE_INFOPLIST_FILE = YES;
				MARKETING_VERSION = 1.0;
				PRODUCT_BUNDLE_IDENTIFIER = vn.edu.tdc.quanlysachUITests;
				PRODUCT_NAME = "$(TARGET_NAME)";
				SWIFT_EMIT_LOC_STRINGS = NO;
				SWIFT_VERSION = 5.0;
				TARGETED_DEVICE_FAMILY = "1,2";
				TEST_TARGET_NAME = quanlysach;
			};
			name = Release;
		};
/* End XCBuildConfiguration section */

/* Begin XCConfigurationList section */
		CE897B932FBC132F005BF2A6 /* Build configuration list for PBXProject "quanlysach" */ = {
			isa = XCConfigurationList;
			buildConfigurations = (
				CE897BC02FBC1343005BF2A6 /* Debug */,
				CE897BC12FBC1343005BF2A6 /* Release */,
			);
			defaultConfigurationIsVisible = 0;
			defaultConfigurationName = Release;
		};
		CE897BC22FBC1343005BF2A6 /* Build configuration list for PBXNativeTarget "quanlysach" */ = {
			isa = XCConfigurationList;
			buildConfigurations = (
				CE897BC32FBC1343005BF2A6 /* Debug */,
				CE897BC42FBC1343005BF2A6 /* Release */,
			);
			defaultConfigurationIsVisible = 0;
			defaultConfigurationName = Release;
		};
		CE897BC52FBC1343005BF2A6 /* Build configuration list for PBXNativeTarget "quanlysachTests" */ = {
			isa = XCConfigurationList;
			buildConfigurations = (
				CE897BC62FBC1343005BF2A6 /* Debug */,
				CE897BC72FBC1343005BF2A6 /* Release */,
			);
			defaultConfigurationIsVisible = 0;
			defaultConfigurationName = Release;
		};
		CE897BC82FBC1343005BF2A6 /* Build configuration list for PBXNativeTarget "quanlysachUITests" */ = {
			isa = XCConfigurationList;
			buildConfigurations = (
				CE897BC92FBC1343005BF2A6 /* Debug */,
				CE897BCA2FBC1343005BF2A6 /* Release */,
			);
			defaultConfigurationIsVisible = 0;
			defaultConfigurationName = Release;
		};
/* End XCConfigurationList section */

/* Begin XCRemoteSwiftPackageReference section */
		CE897BD02FBC1D6F005BF2A6 /* XCRemoteSwiftPackageReference "firebase-ios-sdk" */ = {
			isa = XCRemoteSwiftPackageReference;
			repositoryURL = "https://github.com/firebase/firebase-ios-sdk";
			requirement = {
				kind = upToNextMinorVersion;
				minimumVersion = 9.6.0;
			};
		};
/* End XCRemoteSwiftPackageReference section */

/* Begin XCSwiftPackageProductDependency section */
		CE897BD12FBC1D6F005BF2A6 /* FirebaseAnalytics */ = {
			isa = XCSwiftPackageProductDependency;
			package = CE897BD02FBC1D6F005BF2A6 /* XCRemoteSwiftPackageReference "firebase-ios-sdk" */;
			productName = FirebaseAnalytics;
		};
		CE897BD32FBC1D6F005BF2A6 /* FirebaseAuth */ = {
			isa = XCSwiftPackageProductDependency;
			package = CE897BD02FBC1D6F005BF2A6 /* XCRemoteSwiftPackageReference "firebase-ios-sdk" */;
			productName = FirebaseAuth;
		};
		CE897BD52FBC1D6F005BF2A6 /* FirebaseDatabase */ = {
			isa = XCSwiftPackageProductDependency;
			package = CE897BD02FBC1D6F005BF2A6 /* XCRemoteSwiftPackageReference "firebase-ios-sdk" */;
			productName = FirebaseDatabase;
		};
		CE897BD72FBC1D6F005BF2A6 /* FirebaseFirestore */ = {
			isa = XCSwiftPackageProductDependency;
			package = CE897BD02FBC1D6F005BF2A6 /* XCRemoteSwiftPackageReference "firebase-ios-sdk" */;
			productName = FirebaseFirestore;
		};
		CE897BD92FBC1D6F005BF2A6 /* FirebaseFunctions */ = {
			isa = XCSwiftPackageProductDependency;
			package = CE897BD02FBC1D6F005BF2A6 /* XCRemoteSwiftPackageReference "firebase-ios-sdk" */;
			productName = FirebaseFunctions;
		};
		CE897BDB2FBC1D70005BF2A6 /* FirebaseStorage */ = {
			isa = XCSwiftPackageProductDependency;
			package = CE897BD02FBC1D6F005BF2A6 /* XCRemoteSwiftPackageReference "firebase-ios-sdk" */;
			productName = FirebaseStorage;
		};
/* End XCSwiftPackageProductDependency section */
	};
	rootObject = CE897B902FBC132F005BF2A6 /* Project object */;
}
